
Microsoft Visual Studio Solution File, Format Version 12.00
# Visual Studio Version 17
VisualStudioVersion = 17.5.002.0
MinimumVisualStudioVersion = 10.0.40219.1
Project("{2150E333-8FDC-42A3-9474-1A3956D46DE8}") = "Back", "Back", "{1FC5B234-9498-425C-8C6A-D00D05AE83FD}"
EndProject
Project("{2150E333-8FDC-42A3-9474-1A3956D46DE8}") = "src", "src", "{B047D0F3-52D8-40CF-AB19-CFD71A1C1787}"
EndProject
Project("{9A19103F-16F7-4668-BE54-9A1E7A4F7556}") = "Eventos.API", "Back\src\Eventos.API\Eventos.API.csproj", "{612322CD-E168-4CCF-A5FA-C9EA6AC86355}"
EndProject
Global
	GlobalSection(SolutionConfigurationPlatforms) = preSolution
		Debug|Any CPU = Debug|Any CPU
		Release|Any CPU = Release|Any CPU
	EndGlobalSection
	GlobalSection(ProjectConfigurationPlatforms) = postSolution
		{612322CD-E168-4CCF-A5FA-C9EA6AC86355}.Debug|Any CPU.ActiveCfg = Debug|Any CPU
		{612322CD-E168-4CCF-A5FA-C9EA6AC86355}.Debug|Any CPU.Build.0 = Debug|Any CPU
		{612322CD-E168-4CCF-A5FA-C9EA6AC86355}.Release|Any CPU.ActiveCfg = Release|Any CPU
		{612322CD-E168-4CCF-A5FA-C9EA6AC86355}.Release|Any CPU.Build.0 = Release|Any CPU
	EndGlobalSection
	GlobalSection(SolutionProperties) = preSolution
		HideSolutionNode = FALSE
	EndGlobalSection
	GlobalSection(NestedProjects) = preSolution
		{B047D0F3-52D8-40CF-AB19-CFD71A1C1787} = {1FC5B234-9498-425C-8C6A-D00D05AE83FD}
		{612322CD-E168-4CCF-A5FA-C9EA6AC86355} = {B047D0F3-52D8-40CF-AB19-CFD71A1C1787}
	EndGlobalSection
	GlobalSection(ExtensibilityGlobals) = postSolution
		SolutionGuid = {E3D1AD8A-5E38-45F0-9759-5B9ECF1F0CA2}
	EndGlobalSection
EndGlobal
